{
  "version": 4,
  "terraform_version": "1.5.7",
  "serial": 39,
  "lineage": "8d415723-2834-92a7-cb5b-cbaec70b9972",
  "outputs": {
    "add_gemini_key_command": {
      "value": "echo -n 'YOUR_GEMINI_API_KEY' | gcloud secrets versions add rag-google-api-key --data-file=-",
      "type": "string"
    },
    "artifact_registry_repo": {
      "value": "us-central1-docker.pkg.dev/my-llm-rag-platform/rag-platform",
      "type": "string"
    },
    "docker_push_command": {
      "value": "docker tag rag-api:latest us-central1-docker.pkg.dev/my-llm-rag-platform/rag-platform/rag-api:latest \u0026\u0026 docker push us-central1-docker.pkg.dev/my-llm-rag-platform/rag-platform/rag-api:latest",
      "type": "string"
    }
  },
  "resources": [
    {
      "mode": "managed",
      "type": "google_artifact_registry_repository",
      "name": "rag_platform",
      "provider": "provider[\"registry.terraform.io/hashicorp/google\"]",
      "instances": [
        {
          "schema_version": 0,
          "attributes": {
            "cleanup_policies": [],
            "cleanup_policy_dry_run": false,
            "create_time": "2026-02-27T09:23:37.681125Z",
            "description": "Project 303 LLM RAG Platform Docker images",
            "docker_config": [],
            "effective_labels": {},
            "format": "DOCKER",
            "id": "projects/my-llm-rag-platform/locations/us-central1/repositories/rag-platform",
            "kms_key_name": "",
            "labels": null,
            "location": "us-central1",
            "maven_config": [],
            "mode": "STANDARD_REPOSITORY",
            "name": "rag-platform",
            "project": "my-llm-rag-platform",
            "remote_repository_config": [],
            "repository_id": "rag-platform",
            "terraform_labels": {},
            "timeouts": null,
            "update_time": "2026-02-27T09:23:37.681125Z",
            "virtual_repository_config": []
          },
          "sensitive_attributes": [],
          "private": "eyJlMmJmYjczMC1lY2FhLTExZTYtOGY4OC0zNDM2M2JjN2M0YzAiOnsiY3JlYXRlIjoxMjAwMDAwMDAwMDAwLCJkZWxldGUiOjEyMDAwMDAwMDAwMDAsInVwZGF0ZSI6MTIwMDAwMDAwMDAwMH19",
          "dependencies": [
            "google_project_service.apis"
          ]
        }
      ]
    },
    {
      "mode": "managed",
      "type": "google_cloud_run_v2_service",
      "name": "rag_api",
      "provider": "provider[\"registry.terraform.io/hashicorp/google\"]",
      "instances": []
    },
    {
      "mode": "managed",
      "type": "google_cloud_run_v2_service_iam_member",
      "name": "public_access",
      "provider": "provider[\"registry.terraform.io/hashicorp/google\"]",
      "instances": []
    },
    {
      "mode": "managed",
      "type": "google_compute_instance",
      "name": "qdrant",
      "provider": "provider[\"registry.terraform.io/hashicorp/google\"]",
      "instances": []
    },
    {
      "mode": "managed",
      "type": "google_project_iam_member",
      "name": "rag_api_gcs",
      "provider": "provider[\"registry.terraform.io/hashicorp/google\"]",
      "instances": []
    },
    {
      "mode": "managed",
      "type": "google_project_service",
      "name": "apis",
      "provider": "provider[\"registry.terraform.io/hashicorp/google\"]",
      "instances": [
        {
          "index_key": "artifactregistry.googleapis.com",
          "schema_version": 0,
          "attributes": {
            "disable_dependent_services": null,
            "disable_on_destroy": false,
            "id": "my-llm-rag-platform/artifactregistry.googleapis.com",
            "project": "my-llm-rag-platform",
            "service": "artifactregistry.googleapis.com",
            "timeouts": null
          },
          "sensitive_attributes": [],
          "private": "eyJlMmJmYjczMC1lY2FhLTExZTYtOGY4OC0zNDM2M2JjN2M0YzAiOnsiY3JlYXRlIjoxMjAwMDAwMDAwMDAwLCJkZWxldGUiOjEyMDAwMDAwMDAwMDAsInJlYWQiOjYwMDAwMDAwMDAwMCwidXBkYXRlIjoxMjAwMDAwMDAwMDAwfX0="
        },
        {
          "index_key": "cloudresourcemanager.googleapis.com",
          "schema_version": 0,
          "attributes": {
            "disable_dependent_services": null,
            "disable_on_destroy": false,
            "id": "my-llm-rag-platform/cloudresourcemanager.googleapis.com",
            "project": "my-llm-rag-platform",
            "service": "cloudresourcemanager.googleapis.com",
            "timeouts": null
          },
          "sensitive_attributes": [],
          "private": "eyJlMmJmYjczMC1lY2FhLTExZTYtOGY4OC0zNDM2M2JjN2M0YzAiOnsiY3JlYXRlIjoxMjAwMDAwMDAwMDAwLCJkZWxldGUiOjEyMDAwMDAwMDAwMDAsInJlYWQiOjYwMDAwMDAwMDAwMCwidXBkYXRlIjoxMjAwMDAwMDAwMDAwfX0="
        },
        {
          "index_key": "compute.googleapis.com",
          "schema_version": 0,
          "attributes": {
            "disable_dependent_services": null,
            "disable_on_destroy": false,
            "id": "my-llm-rag-platform/compute.googleapis.com",
            "project": "my-llm-rag-platform",
            "service": "compute.googleapis.com",
            "timeouts": null
          },
          "sensitive_attributes": [],
          "private": "eyJlMmJmYjczMC1lY2FhLTExZTYtOGY4OC0zNDM2M2JjN2M0YzAiOnsiY3JlYXRlIjoxMjAwMDAwMDAwMDAwLCJkZWxldGUiOjEyMDAwMDAwMDAwMDAsInJlYWQiOjYwMDAwMDAwMDAwMCwidXBkYXRlIjoxMjAwMDAwMDAwMDAwfX0="
        },
        {
          "index_key": "container.googleapis.com",
          "schema_version": 0,
          "attributes": {
            "disable_dependent_services": null,
            "disable_on_destroy": false,
            "id": "my-llm-rag-platform/container.googleapis.com",
            "project": "my-llm-rag-platform",
            "service": "container.googleapis.com",
            "timeouts": null
          },
          "sensitive_attributes": [],
          "private": "eyJlMmJmYjczMC1lY2FhLTExZTYtOGY4OC0zNDM2M2JjN2M0YzAiOnsiY3JlYXRlIjoxMjAwMDAwMDAwMDAwLCJkZWxldGUiOjEyMDAwMDAwMDAwMDAsInJlYWQiOjYwMDAwMDAwMDAwMCwidXBkYXRlIjoxMjAwMDAwMDAwMDAwfX0="
        },
        {
          "index_key": "generativelanguage.googleapis.com",
          "schema_version": 0,
          "attributes": {
            "disable_dependent_services": null,
            "disable_on_destroy": false,
            "id": "my-llm-rag-platform/generativelanguage.googleapis.com",
            "project": "my-llm-rag-platform",
            "service": "generativelanguage.googleapis.com",
            "timeouts": null
          },
          "sensitive_attributes": [],
          "private": "eyJlMmJmYjczMC1lY2FhLTExZTYtOGY4OC0zNDM2M2JjN2M0YzAiOnsiY3JlYXRlIjoxMjAwMDAwMDAwMDAwLCJkZWxldGUiOjEyMDAwMDAwMDAwMDAsInJlYWQiOjYwMDAwMDAwMDAwMCwidXBkYXRlIjoxMjAwMDAwMDAwMDAwfX0="
        },
        {
          "index_key": "iam.googleapis.com",
          "schema_version": 0,
          "attributes": {
            "disable_dependent_services": null,
            "disable_on_destroy": false,
            "id": "my-llm-rag-platform/iam.googleapis.com",
            "project": "my-llm-rag-platform",
            "service": "iam.googleapis.com",
            "timeouts": null
          },
          "sensitive_attributes": [],
          "private": "eyJlMmJmYjczMC1lY2FhLTExZTYtOGY4OC0zNDM2M2JjN2M0YzAiOnsiY3JlYXRlIjoxMjAwMDAwMDAwMDAwLCJkZWxldGUiOjEyMDAwMDAwMDAwMDAsInJlYWQiOjYwMDAwMDAwMDAwMCwidXBkYXRlIjoxMjAwMDAwMDAwMDAwfX0="
        },
        {
          "index_key": "logging.googleapis.com",
          "schema_version": 0,
          "attributes": {
            "disable_dependent_services": null,
            "disable_on_destroy": false,
            "id": "my-llm-rag-platform/logging.googleapis.com",
            "project": "my-llm-rag-platform",
            "service": "logging.googleapis.com",
            "timeouts": null
          },
          "sensitive_attributes": [],
          "private": "eyJlMmJmYjczMC1lY2FhLTExZTYtOGY4OC0zNDM2M2JjN2M0YzAiOnsiY3JlYXRlIjoxMjAwMDAwMDAwMDAwLCJkZWxldGUiOjEyMDAwMDAwMDAwMDAsInJlYWQiOjYwMDAwMDAwMDAwMCwidXBkYXRlIjoxMjAwMDAwMDAwMDAwfX0="
        },
        {
          "index_key": "monitoring.googleapis.com",
          "schema_version": 0,
          "attributes": {
            "disable_dependent_services": null,
            "disable_on_destroy": false,
            "id": "my-llm-rag-platform/monitoring.googleapis.com",
            "project": "my-llm-rag-platform",
            "service": "monitoring.googleapis.com",
            "timeouts": null
          },
          "sensitive_attributes": [],
          "private": "eyJlMmJmYjczMC1lY2FhLTExZTYtOGY4OC0zNDM2M2JjN2M0YzAiOnsiY3JlYXRlIjoxMjAwMDAwMDAwMDAwLCJkZWxldGUiOjEyMDAwMDAwMDAwMDAsInJlYWQiOjYwMDAwMDAwMDAwMCwidXBkYXRlIjoxMjAwMDAwMDAwMDAwfX0="
        },
        {
          "index_key": "run.googleapis.com",
          "schema_version": 0,
          "attributes": {
            "disable_dependent_services": null,
            "disable_on_destroy": false,
            "id": "my-llm-rag-platform/run.googleapis.com",
            "project": "my-llm-rag-platform",
            "service": "run.googleapis.com",
            "timeouts": null
          },
          "sensitive_attributes": [],
          "private": "eyJlMmJmYjczMC1lY2FhLTExZTYtOGY4OC0zNDM2M2JjN2M0YzAiOnsiY3JlYXRlIjoxMjAwMDAwMDAwMDAwLCJkZWxldGUiOjEyMDAwMDAwMDAwMDAsInJlYWQiOjYwMDAwMDAwMDAwMCwidXBkYXRlIjoxMjAwMDAwMDAwMDAwfX0="
        },
        {
          "index_key": "secretmanager.googleapis.com",
          "schema_version": 0,
          "attributes": {
            "disable_dependent_services": null,
            "disable_on_destroy": false,
            "id": "my-llm-rag-platform/secretmanager.googleapis.com",
            "project": "my-llm-rag-platform",
            "service": "secretmanager.googleapis.com",
            "timeouts": null
          },
          "sensitive_attributes": [],
          "private": "eyJlMmJmYjczMC1lY2FhLTExZTYtOGY4OC0zNDM2M2JjN2M0YzAiOnsiY3JlYXRlIjoxMjAwMDAwMDAwMDAwLCJkZWxldGUiOjEyMDAwMDAwMDAwMDAsInJlYWQiOjYwMDAwMDAwMDAwMCwidXBkYXRlIjoxMjAwMDAwMDAwMDAwfX0="
        },
        {
          "index_key": "storage.googleapis.com",
          "schema_version": 0,
          "attributes": {
            "disable_dependent_services": null,
            "disable_on_destroy": false,
            "id": "my-llm-rag-platform/storage.googleapis.com",
            "project": "my-llm-rag-platform",
            "service": "storage.googleapis.com",
            "timeouts": null
          },
          "sensitive_attributes": [],
          "private": "eyJlMmJmYjczMC1lY2FhLTExZTYtOGY4OC0zNDM2M2JjN2M0YzAiOnsiY3JlYXRlIjoxMjAwMDAwMDAwMDAwLCJkZWxldGUiOjEyMDAwMDAwMDAwMDAsInJlYWQiOjYwMDAwMDAwMDAwMCwidXBkYXRlIjoxMjAwMDAwMDAwMDAwfX0="
        }
      ]
    },
    {
      "mode": "managed",
      "type": "google_secret_manager_secret",
      "name": "google_api_key",
      "provider": "provider[\"registry.terraform.io/hashicorp/google\"]",
      "instances": [
        {
          "schema_version": 0,
          "attributes": {
            "annotations": null,
            "create_time": "2026-02-27T09:23:29.236478Z",
            "effective_annotations": {},
            "effective_labels": {},
            "expire_time": "",
            "id": "projects/my-llm-rag-platform/secrets/rag-google-api-key",
            "labels": null,
            "name": "projects/686708351272/secrets/rag-google-api-key",
            "project": "my-llm-rag-platform",
            "replication": [
              {
                "auto": [
                  {
                    "customer_managed_encryption": []
                  }
                ],
                "user_managed": []
              }
            ],
            "rotation": [],
            "secret_id": "rag-google-api-key",
            "terraform_labels": {},
            "timeouts": null,
            "topics": [],
            "ttl": null,
            "version_aliases": null,
            "version_destroy_ttl": ""
          },
          "sensitive_attributes": [],
          "private": "eyJlMmJmYjczMC1lY2FhLTExZTYtOGY4OC0zNDM2M2JjN2M0YzAiOnsiY3JlYXRlIjoxMjAwMDAwMDAwMDAwLCJkZWxldGUiOjEyMDAwMDAwMDAwMDAsInVwZGF0ZSI6MTIwMDAwMDAwMDAwMH19",
          "dependencies": [
            "google_project_service.apis"
          ]
        }
      ]
    },
    {
      "mode": "managed",
      "type": "google_secret_manager_secret",
      "name": "rag_api_key",
      "provider": "provider[\"registry.terraform.io/hashicorp/google\"]",
      "instances": [
        {
          "schema_version": 0,
          "attributes": {
            "annotations": null,
            "create_time": "2026-02-27T09:23:29.232365Z",
            "effective_annotations": {},
            "effective_labels": {},
            "expire_time": "",
            "id": "projects/my-llm-rag-platform/secrets/rag-service-api-key",
            "labels": null,
            "name": "projects/686708351272/secrets/rag-service-api-key",
            "project": "my-llm-rag-platform",
            "replication": [
              {
                "auto": [
                  {
                    "customer_managed_encryption": []
                  }
                ],
                "user_managed": []
              }
            ],
            "rotation": [],
            "secret_id": "rag-service-api-key",
            "terraform_labels": {},
            "timeouts": null,
            "topics": [],
            "ttl": null,
            "version_aliases": null,
            "version_destroy_ttl": ""
          },
          "sensitive_attributes": [],
          "private": "eyJlMmJmYjczMC1lY2FhLTExZTYtOGY4OC0zNDM2M2JjN2M0YzAiOnsiY3JlYXRlIjoxMjAwMDAwMDAwMDAwLCJkZWxldGUiOjEyMDAwMDAwMDAwMDAsInVwZGF0ZSI6MTIwMDAwMDAwMDAwMH19",
          "dependencies": [
            "google_project_service.apis"
          ]
        }
      ]
    },
    {
      "mode": "managed",
      "type": "google_secret_manager_secret_iam_member",
      "name": "rag_api_gemini_key",
      "provider": "provider[\"registry.terraform.io/hashicorp/google\"]",
      "instances": []
    },
    {
      "mode": "managed",
      "type": "google_secret_manager_secret_iam_member",
      "name": "rag_api_service_key",
      "provider": "provider[\"registry.terraform.io/hashicorp/google\"]",
      "instances": []
    },
    {
      "mode": "managed",
      "type": "google_storage_bucket",
      "name": "documents",
      "provider": "provider[\"registry.terraform.io/hashicorp/google\"]",
      "instances": [
        {
          "schema_version": 2,
          "attributes": {
            "autoclass": [],
            "cors": [],
            "custom_placement_config": [],
            "default_event_based_hold": false,
            "effective_labels": {
              "managed_by": "terraform",
              "project": "project-303-llm-rag"
            },
            "enable_object_retention": false,
            "encryption": [],
            "force_destroy": false,
            "id": "my-llm-rag-platform-rag-documents",
            "labels": {
              "managed_by": "terraform",
              "project": "project-303-llm-rag"
            },
            "lifecycle_rule": [
              {
                "action": [
                  {
                    "storage_class": "NEARLINE",
                    "type": "SetStorageClass"
                  }
                ],
                "condition": [
                  {
                    "age": 365,
                    "created_before": "",
                    "custom_time_before": "",
                    "days_since_custom_time": 0,
                    "days_since_noncurrent_time": 0,
                    "matches_prefix": [],
                    "matches_storage_class": [],
                    "matches_suffix": [],
                    "no_age": false,
                    "noncurrent_time_before": "",
                    "num_newer_versions": 0,
                    "send_age_if_zero": true,
                    "send_days_since_custom_time_if_zero": false,
                    "send_days_since_noncurrent_time_if_zero": false,
                    "send_num_newer_versions_if_zero": false,
                    "with_state": "ANY"
                  }
                ]
              }
            ],
            "location": "US-CENTRAL1",
            "logging": [],
            "name": "my-llm-rag-platform-rag-documents",
            "project": "my-llm-rag-platform",
            "project_number": 686708351272,
            "public_access_prevention": "inherited",
            "requester_pays": false,
            "retention_policy": [],
            "rpo": null,
            "self_link": "https://www.googleapis.com/storage/v1/b/my-llm-rag-platform-rag-documents",
            "soft_delete_policy": [
              {
                "effective_time": "2026-02-27T09:22:14.668Z",
                "retention_duration_seconds": 604800
              }
            ],
            "storage_class": "STANDARD",
            "terraform_labels": {
              "managed_by": "terraform",
              "project": "project-303-llm-rag"
            },
            "timeouts": null,
            "uniform_bucket_level_access": true,
            "url": "gs://my-llm-rag-platform-rag-documents",
            "versioning": [],
            "website": []
          },
          "sensitive_attributes": [],
          "private": "eyJlMmJmYjczMC1lY2FhLTExZTYtOGY4OC0zNDM2M2JjN2M0YzAiOnsiY3JlYXRlIjo2MDAwMDAwMDAwMDAsInJlYWQiOjI0MDAwMDAwMDAwMCwidXBkYXRlIjoyNDAwMDAwMDAwMDB9LCJzY2hlbWFfdmVyc2lvbiI6IjIifQ=="
        }
      ]
    }
  ],
  "check_results": null
}
