{
  "version": 4,
  "terraform_version": "1.5.7",
  "serial": 47,
  "lineage": "8d415723-2834-92a7-cb5b-cbaec70b9972",
  "outputs": {
    "add_gemini_key_command": {
      "value": "echo -n 'YOUR_GEMINI_API_KEY' | gcloud secrets versions add rag-google-api-key --data-file=-",
      "type": "string"
    },
    "artifact_registry_repo": {
      "value": "us-central1-docker.pkg.dev/my-llm-rag-platform/rag-platform",
      "type": "string"
    },
    "docker_push_command": {
      "value": "docker tag rag-api:latest us-central1-docker.pkg.dev/my-llm-rag-platform/rag-platform/rag-api:latest \u0026\u0026 docker push us-central1-docker.pkg.dev/my-llm-rag-platform/rag-platform/rag-api:latest",
      "type": "string"
    },
    "qdrant_internal_ip": {
      "value": "10.128.0.2",
      "type": "string"
    }
  },
  "resources": [
    {
      "mode": "managed",
      "type": "google_artifact_registry_repository",
      "name": "rag_platform",
      "provider": "provider[\"registry.terraform.io/hashicorp/google\"]",
      "instances": [
        {
          "schema_version": 0,
          "attributes": {
            "cleanup_policies": [],
            "cleanup_policy_dry_run": false,
            "create_time": "2026-02-27T09:23:37.681125Z",
            "description": "Project 303 LLM RAG Platform Docker images",
            "docker_config": [],
            "effective_labels": {},
            "format": "DOCKER",
            "id": "projects/my-llm-rag-platform/locations/us-central1/repositories/rag-platform",
            "kms_key_name": "",
            "labels": {},
            "location": "us-central1",
            "maven_config": [],
            "mode": "STANDARD_REPOSITORY",
            "name": "rag-platform",
            "project": "my-llm-rag-platform",
            "remote_repository_config": [],
            "repository_id": "rag-platform",
            "terraform_labels": {},
            "timeouts": null,
            "update_time": "2026-02-27T09:23:37.681125Z",
            "virtual_repository_config": []
          },
          "sensitive_attributes": [],
          "private": "eyJlMmJmYjczMC1lY2FhLTExZTYtOGY4OC0zNDM2M2JjN2M0YzAiOnsiY3JlYXRlIjoxMjAwMDAwMDAwMDAwLCJkZWxldGUiOjEyMDAwMDAwMDAwMDAsInVwZGF0ZSI6MTIwMDAwMDAwMDAwMH19",
          "dependencies": [
            "google_project_service.apis"
          ]
        }
      ]
    },
    {
      "mode": "managed",
      "type": "google_cloud_run_v2_service",
      "name": "rag_api",
      "provider": "provider[\"registry.terraform.io/hashicorp/google\"]",
      "instances": [
        {
          "status": "tainted",
          "schema_version": 0,
          "attributes": {
            "annotations": null,
            "binary_authorization": [],
            "client": null,
            "client_version": null,
            "conditions": null,
            "create_time": null,
            "creator": null,
            "custom_audiences": null,
            "delete_time": null,
            "description": null,
            "effective_annotations": null,
            "effective_labels": null,
            "etag": null,
            "expire_time": null,
            "generation": null,
            "id": "projects/my-llm-rag-platform/locations/us-central1/services/rag-api",
            "ingress": "INGRESS_TRAFFIC_ALL",
            "labels": null,
            "last_modifier": null,
            "latest_created_revision": null,
            "latest_ready_revision": null,
            "launch_stage": null,
            "location": "us-central1",
            "name": "rag-api",
            "observed_generation": null,
            "project": "my-llm-rag-platform",
            "reconciling": null,
            "template": [
              {
                "annotations": null,
                "containers": [
                  {
                    "args": null,
                    "command": null,
                    "depends_on": null,
                    "env": [
                      {
                        "name": "LLM_BACKEND",
                        "value": "gemini",
                        "value_source": []
                      },
                      {
                        "name": "GEMINI_MODEL",
                        "value": "gemini-3.0-flash",
                        "value_source": []
                      },
                      {
                        "name": "EMBEDDING_MODEL",
                        "value": "BAAI/bge-small-en-v1.5",
                        "value_source": []
                      },
                      {
                        "name": "QDRANT_HOST",
                        "value": "10.128.0.2",
                        "value_source": []
                      },
                      {
                        "name": "ENABLE_RERANKING",
                        "value": "true",
                        "value_source": []
                      },
                      {
                        "name": "ENABLE_PII_DETECTION",
                        "value": "true",
                        "value_source": []
                      },
                      {
                        "name": "GOOGLE_API_KEY",
                        "value": "",
                        "value_source": [
                          {
                            "secret_key_ref": [
                              {
                                "secret": "rag-google-api-key",
                                "version": "latest"
                              }
                            ]
                          }
                        ]
                      },
                      {
                        "name": "API_KEY",
                        "value": "",
                        "value_source": [
                          {
                            "secret_key_ref": [
                              {
                                "secret": "rag-service-api-key",
                                "version": "latest"
                              }
                            ]
                          }
                        ]
                      }
                    ],
                    "image": "us-central1-docker.pkg.dev/my-llm-rag-platform/rag-platform/rag-api:latest",
                    "liveness_probe": [
                      {
                        "failure_threshold": 3,
                        "grpc": [],
                        "http_get": [
                          {
                            "http_headers": [],
                            "path": "/health",
                            "port": 8080
                          }
                        ],
                        "initial_delay_seconds": 0,
                        "period_seconds": 30,
                        "tcp_socket": [],
                        "timeout_seconds": 1
                      }
                    ],
                    "name": "",
                    "ports": [
                      {
                        "container_port": 8080,
                        "name": ""
                      }
                    ],
                    "resources": [
                      {
                        "cpu_idle": false,
                        "limits": {
                          "cpu": "2",
                          "memory": "2Gi"
                        },
                        "startup_cpu_boost": true
                      }
                    ],
                    "startup_probe": [
                      {
                        "failure_threshold": 10,
                        "grpc": [],
                        "http_get": [
                          {
                            "http_headers": [],
                            "path": "/health",
                            "port": 8080
                          }
                        ],
                        "initial_delay_seconds": 30,
                        "period_seconds": 10,
                        "tcp_socket": [],
                        "timeout_seconds": 1
                      }
                    ],
                    "volume_mounts": [],
                    "working_dir": ""
                  }
                ],
                "encryption_key": "",
                "execution_environment": "",
                "labels": {
                  "managed_by": "terraform",
                  "project": "project-303-llm-rag"
                },
                "max_instance_request_concurrency": 0,
                "revision": "",
                "scaling": [
                  {
                    "max_instance_count": 5,
                    "min_instance_count": 0
                  }
                ],
                "service_account": "rag-api-sa@my-llm-rag-platform.iam.gserviceaccount.com",
                "session_affinity": false,
                "timeout": "",
                "volumes": [],
                "vpc_access": []
              }
            ],
            "terminal_condition": null,
            "terraform_labels": null,
            "timeouts": null,
            "traffic": null,
            "traffic_statuses": null,
            "uid": null,
            "update_time": null,
            "uri": null
          },
          "sensitive_attributes": [],
          "private": "eyJlMmJmYjczMC1lY2FhLTExZTYtOGY4OC0zNDM2M2JjN2M0YzAiOnsiY3JlYXRlIjoxMjAwMDAwMDAwMDAwLCJkZWxldGUiOjEyMDAwMDAwMDAwMDAsInVwZGF0ZSI6MTIwMDAwMDAwMDAwMH19",
          "dependencies": [
            "google_artifact_registry_repository.rag_platform",
            "google_compute_instance.qdrant",
            "google_project_service.apis",
            "google_secret_manager_secret.google_api_key",
            "google_secret_manager_secret.rag_api_key",
            "google_service_account.rag_api"
          ]
        }
      ]
    },
    {
      "mode": "managed",
      "type": "google_cloud_run_v2_service_iam_member",
      "name": "public_access",
      "provider": "provider[\"registry.terraform.io/hashicorp/google\"]",
      "instances": []
    },
    {
      "mode": "managed",
      "type": "google_compute_firewall",
      "name": "allow_qdrant_internal",
      "provider": "provider[\"registry.terraform.io/hashicorp/google\"]",
      "instances": [
        {
          "index_key": 0,
          "schema_version": 1,
          "attributes": {
            "allow": [
              {
                "ports": [
                  "6333",
                  "6334"
                ],
                "protocol": "tcp"
              }
            ],
            "creation_timestamp": "2026-02-27T01:27:33.831-08:00",
            "deny": [],
            "description": "",
            "destination_ranges": [],
            "direction": "INGRESS",
            "disabled": false,
            "enable_logging": null,
            "id": "projects/my-llm-rag-platform/global/firewalls/allow-qdrant-internal",
            "log_config": [],
            "name": "allow-qdrant-internal",
            "network": "https://www.googleapis.com/compute/v1/projects/my-llm-rag-platform/global/networks/default",
            "priority": 1000,
            "project": "my-llm-rag-platform",
            "self_link": "https://www.googleapis.com/compute/v1/projects/my-llm-rag-platform/global/firewalls/allow-qdrant-internal",
            "source_ranges": [
              "10.0.0.0/8"
            ],
            "source_service_accounts": null,
            "source_tags": null,
            "target_service_accounts": null,
            "target_tags": [
              "qdrant-server"
            ],
            "timeouts": null
          },
          "sensitive_attributes": [],
          "private": "eyJlMmJmYjczMC1lY2FhLTExZTYtOGY4OC0zNDM2M2JjN2M0YzAiOnsiY3JlYXRlIjoxMjAwMDAwMDAwMDAwLCJkZWxldGUiOjEyMDAwMDAwMDAwMDAsInVwZGF0ZSI6MTIwMDAwMDAwMDAwMH0sInNjaGVtYV92ZXJzaW9uIjoiMSJ9"
        }
      ]
    },
    {
      "mode": "managed",
      "type": "google_compute_instance",
      "name": "qdrant",
      "provider": "provider[\"registry.terraform.io/hashicorp/google\"]",
      "instances": [
        {
          "index_key": 0,
          "schema_version": 6,
          "attributes": {
            "advanced_machine_features": [],
            "allow_stopping_for_update": null,
            "attached_disk": [],
            "boot_disk": [
              {
                "auto_delete": true,
                "device_name": "persistent-disk-0",
                "disk_encryption_key_raw": "",
                "disk_encryption_key_sha256": "",
                "initialize_params": [
                  {
                    "enable_confidential_compute": false,
                    "image": "https://www.googleapis.com/compute/v1/projects/debian-cloud/global/images/debian-12-bookworm-v20260210",
                    "labels": {},
                    "provisioned_iops": 0,
                    "provisioned_throughput": 0,
                    "resource_manager_tags": null,
                    "size": 50,
                    "storage_pool": "",
                    "type": "pd-ssd"
                  }
                ],
                "kms_key_self_link": "",
                "mode": "READ_WRITE",
                "source": "https://www.googleapis.com/compute/v1/projects/my-llm-rag-platform/zones/us-central1-a/disks/qdrant-vector-db"
              }
            ],
            "can_ip_forward": false,
            "confidential_instance_config": [],
            "cpu_platform": "Intel Broadwell",
            "current_status": "RUNNING",
            "deletion_protection": false,
            "description": "",
            "desired_status": null,
            "effective_labels": {
              "managed_by": "terraform",
              "project": "project-303-llm-rag"
            },
            "enable_display": false,
            "guest_accelerator": [],
            "hostname": "",
            "id": "projects/my-llm-rag-platform/zones/us-central1-a/instances/qdrant-vector-db",
            "instance_id": "1116801141956205950",
            "label_fingerprint": "bHZImZQjCxY=",
            "labels": {
              "managed_by": "terraform",
              "project": "project-303-llm-rag"
            },
            "machine_type": "e2-medium",
            "metadata": {
              "enable-osconfig": "TRUE"
            },
            "metadata_fingerprint": "8WF1dOnMDqA=",
            "metadata_startup_script": "#!/bin/bash\r\nset -e\r\n# Install Docker\r\ncurl -fsSL https://get.docker.com | sh\r\n\r\n# Create data directory\r\nmkdir -p /data/qdrant\r\n\r\n# Run Qdrant\r\ndocker run -d \\\r\n  --name qdrant \\\r\n  --restart unless-stopped \\\r\n  -p 6333:6333 \\\r\n  -p 6334:6334 \\\r\n  -v /data/qdrant:/qdrant/storage \\\r\n  qdrant/qdrant:v1.9.0\r\n\r\necho \"Qdrant started successfully\"\r\n",
            "min_cpu_platform": "",
            "name": "qdrant-vector-db",
            "network_interface": [
              {
                "access_config": [],
                "alias_ip_range": [],
                "internal_ipv6_prefix_length": 0,
                "ipv6_access_config": [],
                "ipv6_access_type": "",
                "ipv6_address": "",
                "name": "nic0",
                "network": "https://www.googleapis.com/compute/v1/projects/my-llm-rag-platform/global/networks/default",
                "network_ip": "10.128.0.2",
                "nic_type": "",
                "queue_count": 0,
                "stack_type": "IPV4_ONLY",
                "subnetwork": "https://www.googleapis.com/compute/v1/projects/my-llm-rag-platform/regions/us-central1/subnetworks/default",
                "subnetwork_project": "my-llm-rag-platform"
              }
            ],
            "network_performance_config": [],
            "params": [],
            "project": "my-llm-rag-platform",
            "reservation_affinity": [],
            "resource_policies": null,
            "scheduling": [
              {
                "automatic_restart": true,
                "instance_termination_action": "",
                "local_ssd_recovery_timeout": [],
                "max_run_duration": [],
                "min_node_cpus": 0,
                "node_affinities": [],
                "on_host_maintenance": "MIGRATE",
                "on_instance_stop_action": [],
                "preemptible": false,
                "provisioning_model": "STANDARD"
              }
            ],
            "scratch_disk": [],
            "self_link": "https://www.googleapis.com/compute/v1/projects/my-llm-rag-platform/zones/us-central1-a/instances/qdrant-vector-db",
            "service_account": [
              {
                "email": "rag-api-sa@my-llm-rag-platform.iam.gserviceaccount.com",
                "scopes": [
                  "https://www.googleapis.com/auth/cloud-platform"
                ]
              }
            ],
            "shielded_instance_config": [
              {
                "enable_integrity_monitoring": true,
                "enable_secure_boot": false,
                "enable_vtpm": true
              }
            ],
            "tags": [
              "allow-internal",
              "qdrant-server"
            ],
            "tags_fingerprint": "6iNYTe9pGOs=",
            "terraform_labels": {
              "managed_by": "terraform",
              "project": "project-303-llm-rag"
            },
            "timeouts": null,
            "zone": "us-central1-a"
          },
          "sensitive_attributes": [],
          "private": "eyJlMmJmYjczMC1lY2FhLTExZTYtOGY4OC0zNDM2M2JjN2M0YzAiOnsiY3JlYXRlIjoxMjAwMDAwMDAwMDAwLCJkZWxldGUiOjEyMDAwMDAwMDAwMDAsInVwZGF0ZSI6MTIwMDAwMDAwMDAwMH0sInNjaGVtYV92ZXJzaW9uIjoiNiJ9",
          "dependencies": [
            "google_service_account.rag_api"
          ]
        }
      ]
    },
    {
      "mode": "managed",
      "type": "google_project_iam_member",
      "name": "rag_api_gcs",
      "provider": "provider[\"registry.terraform.io/hashicorp/google\"]",
      "instances": [
        {
          "schema_version": 0,
          "attributes": {
            "condition": [],
            "etag": "BwZLytmz5pU=",
            "id": "my-llm-rag-platform/roles/storage.objectAdmin/serviceAccount:rag-api-sa@my-llm-rag-platform.iam.gserviceaccount.com",
            "member": "serviceAccount:rag-api-sa@my-llm-rag-platform.iam.gserviceaccount.com",
            "project": "my-llm-rag-platform",
            "role": "roles/storage.objectAdmin"
          },
          "sensitive_attributes": [],
          "private": "bnVsbA==",
          "dependencies": [
            "google_service_account.rag_api"
          ]
        }
      ]
    },
    {
      "mode": "managed",
      "type": "google_project_service",
      "name": "apis",
      "provider": "provider[\"registry.terraform.io/hashicorp/google\"]",
      "instances": [
        {
          "index_key": "artifactregistry.googleapis.com",
          "schema_version": 0,
          "attributes": {
            "disable_dependent_services": null,
            "disable_on_destroy": false,
            "id": "my-llm-rag-platform/artifactregistry.googleapis.com",
            "project": "my-llm-rag-platform",
            "service": "artifactregistry.googleapis.com",
            "timeouts": null
          },
          "sensitive_attributes": [],
          "private": "eyJlMmJmYjczMC1lY2FhLTExZTYtOGY4OC0zNDM2M2JjN2M0YzAiOnsiY3JlYXRlIjoxMjAwMDAwMDAwMDAwLCJkZWxldGUiOjEyMDAwMDAwMDAwMDAsInJlYWQiOjYwMDAwMDAwMDAwMCwidXBkYXRlIjoxMjAwMDAwMDAwMDAwfX0="
        },
        {
          "index_key": "cloudresourcemanager.googleapis.com",
          "schema_version": 0,
          "attributes": {
            "disable_dependent_services": null,
            "disable_on_destroy": false,
            "id": "my-llm-rag-platform/cloudresourcemanager.googleapis.com",
            "project": "my-llm-rag-platform",
            "service": "cloudresourcemanager.googleapis.com",
            "timeouts": null
          },
          "sensitive_attributes": [],
          "private": "eyJlMmJmYjczMC1lY2FhLTExZTYtOGY4OC0zNDM2M2JjN2M0YzAiOnsiY3JlYXRlIjoxMjAwMDAwMDAwMDAwLCJkZWxldGUiOjEyMDAwMDAwMDAwMDAsInJlYWQiOjYwMDAwMDAwMDAwMCwidXBkYXRlIjoxMjAwMDAwMDAwMDAwfX0="
        },
        {
          "index_key": "compute.googleapis.com",
          "schema_version": 0,
          "attributes": {
            "disable_dependent_services": null,
            "disable_on_destroy": false,
            "id": "my-llm-rag-platform/compute.googleapis.com",
            "project": "my-llm-rag-platform",
            "service": "compute.googleapis.com",
            "timeouts": null
          },
          "sensitive_attributes": [],
          "private": "eyJlMmJmYjczMC1lY2FhLTExZTYtOGY4OC0zNDM2M2JjN2M0YzAiOnsiY3JlYXRlIjoxMjAwMDAwMDAwMDAwLCJkZWxldGUiOjEyMDAwMDAwMDAwMDAsInJlYWQiOjYwMDAwMDAwMDAwMCwidXBkYXRlIjoxMjAwMDAwMDAwMDAwfX0="
        },
        {
          "index_key": "container.googleapis.com",
          "schema_version": 0,
          "attributes": {
            "disable_dependent_services": null,
            "disable_on_destroy": false,
            "id": "my-llm-rag-platform/container.googleapis.com",
            "project": "my-llm-rag-platform",
            "service": "container.googleapis.com",
            "timeouts": null
          },
          "sensitive_attributes": [],
          "private": "eyJlMmJmYjczMC1lY2FhLTExZTYtOGY4OC0zNDM2M2JjN2M0YzAiOnsiY3JlYXRlIjoxMjAwMDAwMDAwMDAwLCJkZWxldGUiOjEyMDAwMDAwMDAwMDAsInJlYWQiOjYwMDAwMDAwMDAwMCwidXBkYXRlIjoxMjAwMDAwMDAwMDAwfX0="
        },
        {
          "index_key": "generativelanguage.googleapis.com",
          "schema_version": 0,
          "attributes": {
            "disable_dependent_services": null,
            "disable_on_destroy": false,
            "id": "my-llm-rag-platform/generativelanguage.googleapis.com",
            "project": "my-llm-rag-platform",
            "service": "generativelanguage.googleapis.com",
            "timeouts": null
          },
          "sensitive_attributes": [],
          "private": "eyJlMmJmYjczMC1lY2FhLTExZTYtOGY4OC0zNDM2M2JjN2M0YzAiOnsiY3JlYXRlIjoxMjAwMDAwMDAwMDAwLCJkZWxldGUiOjEyMDAwMDAwMDAwMDAsInJlYWQiOjYwMDAwMDAwMDAwMCwidXBkYXRlIjoxMjAwMDAwMDAwMDAwfX0="
        },
        {
          "index_key": "iam.googleapis.com",
          "schema_version": 0,
          "attributes": {
            "disable_dependent_services": null,
            "disable_on_destroy": false,
            "id": "my-llm-rag-platform/iam.googleapis.com",
            "project": "my-llm-rag-platform",
            "service": "iam.googleapis.com",
            "timeouts": null
          },
          "sensitive_attributes": [],
          "private": "eyJlMmJmYjczMC1lY2FhLTExZTYtOGY4OC0zNDM2M2JjN2M0YzAiOnsiY3JlYXRlIjoxMjAwMDAwMDAwMDAwLCJkZWxldGUiOjEyMDAwMDAwMDAwMDAsInJlYWQiOjYwMDAwMDAwMDAwMCwidXBkYXRlIjoxMjAwMDAwMDAwMDAwfX0="
        },
        {
          "index_key": "logging.googleapis.com",
          "schema_version": 0,
          "attributes": {
            "disable_dependent_services": null,
            "disable_on_destroy": false,
            "id": "my-llm-rag-platform/logging.googleapis.com",
            "project": "my-llm-rag-platform",
            "service": "logging.googleapis.com",
            "timeouts": null
          },
          "sensitive_attributes": [],
          "private": "eyJlMmJmYjczMC1lY2FhLTExZTYtOGY4OC0zNDM2M2JjN2M0YzAiOnsiY3JlYXRlIjoxMjAwMDAwMDAwMDAwLCJkZWxldGUiOjEyMDAwMDAwMDAwMDAsInJlYWQiOjYwMDAwMDAwMDAwMCwidXBkYXRlIjoxMjAwMDAwMDAwMDAwfX0="
        },
        {
          "index_key": "monitoring.googleapis.com",
          "schema_version": 0,
          "attributes": {
            "disable_dependent_services": null,
            "disable_on_destroy": false,
            "id": "my-llm-rag-platform/monitoring.googleapis.com",
            "project": "my-llm-rag-platform",
            "service": "monitoring.googleapis.com",
            "timeouts": null
          },
          "sensitive_attributes": [],
          "private": "eyJlMmJmYjczMC1lY2FhLTExZTYtOGY4OC0zNDM2M2JjN2M0YzAiOnsiY3JlYXRlIjoxMjAwMDAwMDAwMDAwLCJkZWxldGUiOjEyMDAwMDAwMDAwMDAsInJlYWQiOjYwMDAwMDAwMDAwMCwidXBkYXRlIjoxMjAwMDAwMDAwMDAwfX0="
        },
        {
          "index_key": "run.googleapis.com",
          "schema_version": 0,
          "attributes": {
            "disable_dependent_services": null,
            "disable_on_destroy": false,
            "id": "my-llm-rag-platform/run.googleapis.com",
            "project": "my-llm-rag-platform",
            "service": "run.googleapis.com",
            "timeouts": null
          },
          "sensitive_attributes": [],
          "private": "eyJlMmJmYjczMC1lY2FhLTExZTYtOGY4OC0zNDM2M2JjN2M0YzAiOnsiY3JlYXRlIjoxMjAwMDAwMDAwMDAwLCJkZWxldGUiOjEyMDAwMDAwMDAwMDAsInJlYWQiOjYwMDAwMDAwMDAwMCwidXBkYXRlIjoxMjAwMDAwMDAwMDAwfX0="
        },
        {
          "index_key": "secretmanager.googleapis.com",
          "schema_version": 0,
          "attributes": {
            "disable_dependent_services": null,
            "disable_on_destroy": false,
            "id": "my-llm-rag-platform/secretmanager.googleapis.com",
            "project": "my-llm-rag-platform",
            "service": "secretmanager.googleapis.com",
            "timeouts": null
          },
          "sensitive_attributes": [],
          "private": "eyJlMmJmYjczMC1lY2FhLTExZTYtOGY4OC0zNDM2M2JjN2M0YzAiOnsiY3JlYXRlIjoxMjAwMDAwMDAwMDAwLCJkZWxldGUiOjEyMDAwMDAwMDAwMDAsInJlYWQiOjYwMDAwMDAwMDAwMCwidXBkYXRlIjoxMjAwMDAwMDAwMDAwfX0="
        },
        {
          "index_key": "storage.googleapis.com",
          "schema_version": 0,
          "attributes": {
            "disable_dependent_services": null,
            "disable_on_destroy": false,
            "id": "my-llm-rag-platform/storage.googleapis.com",
            "project": "my-llm-rag-platform",
            "service": "storage.googleapis.com",
            "timeouts": null
          },
          "sensitive_attributes": [],
          "private": "eyJlMmJmYjczMC1lY2FhLTExZTYtOGY4OC0zNDM2M2JjN2M0YzAiOnsiY3JlYXRlIjoxMjAwMDAwMDAwMDAwLCJkZWxldGUiOjEyMDAwMDAwMDAwMDAsInJlYWQiOjYwMDAwMDAwMDAwMCwidXBkYXRlIjoxMjAwMDAwMDAwMDAwfX0="
        }
      ]
    },
    {
      "mode": "managed",
      "type": "google_secret_manager_secret",
      "name": "google_api_key",
      "provider": "provider[\"registry.terraform.io/hashicorp/google\"]",
      "instances": [
        {
          "schema_version": 0,
          "attributes": {
            "annotations": {},
            "create_time": "2026-02-27T09:23:29.236478Z",
            "effective_annotations": {},
            "effective_labels": {},
            "expire_time": "",
            "id": "projects/my-llm-rag-platform/secrets/rag-google-api-key",
            "labels": {},
            "name": "projects/686708351272/secrets/rag-google-api-key",
            "project": "my-llm-rag-platform",
            "replication": [
              {
                "auto": [
                  {
                    "customer_managed_encryption": []
                  }
                ],
                "user_managed": []
              }
            ],
            "rotation": [],
            "secret_id": "rag-google-api-key",
            "terraform_labels": {},
            "timeouts": null,
            "topics": [],
            "ttl": null,
            "version_aliases": {},
            "version_destroy_ttl": ""
          },
          "sensitive_attributes": [],
          "private": "eyJlMmJmYjczMC1lY2FhLTExZTYtOGY4OC0zNDM2M2JjN2M0YzAiOnsiY3JlYXRlIjoxMjAwMDAwMDAwMDAwLCJkZWxldGUiOjEyMDAwMDAwMDAwMDAsInVwZGF0ZSI6MTIwMDAwMDAwMDAwMH19",
          "dependencies": [
            "google_project_service.apis"
          ]
        }
      ]
    },
    {
      "mode": "managed",
      "type": "google_secret_manager_secret",
      "name": "rag_api_key",
      "provider": "provider[\"registry.terraform.io/hashicorp/google\"]",
      "instances": [
        {
          "schema_version": 0,
          "attributes": {
            "annotations": {},
            "create_time": "2026-02-27T09:23:29.232365Z",
            "effective_annotations": {},
            "effective_labels": {},
            "expire_time": "",
            "id": "projects/my-llm-rag-platform/secrets/rag-service-api-key",
            "labels": {},
            "name": "projects/686708351272/secrets/rag-service-api-key",
            "project": "my-llm-rag-platform",
            "replication": [
              {
                "auto": [
                  {
                    "customer_managed_encryption": []
                  }
                ],
                "user_managed": []
              }
            ],
            "rotation": [],
            "secret_id": "rag-service-api-key",
            "terraform_labels": {},
            "timeouts": null,
            "topics": [],
            "ttl": null,
            "version_aliases": {},
            "version_destroy_ttl": ""
          },
          "sensitive_attributes": [],
          "private": "eyJlMmJmYjczMC1lY2FhLTExZTYtOGY4OC0zNDM2M2JjN2M0YzAiOnsiY3JlYXRlIjoxMjAwMDAwMDAwMDAwLCJkZWxldGUiOjEyMDAwMDAwMDAwMDAsInVwZGF0ZSI6MTIwMDAwMDAwMDAwMH19",
          "dependencies": [
            "google_project_service.apis"
          ]
        }
      ]
    },
    {
      "mode": "managed",
      "type": "google_secret_manager_secret_iam_member",
      "name": "rag_api_gemini_key",
      "provider": "provider[\"registry.terraform.io/hashicorp/google\"]",
      "instances": [
        {
          "schema_version": 0,
          "attributes": {
            "condition": [],
            "etag": "BwZLytmAmsM=",
            "id": "projects/my-llm-rag-platform/secrets/rag-google-api-key/roles/secretmanager.secretAccessor/serviceAccount:rag-api-sa@my-llm-rag-platform.iam.gserviceaccount.com",
            "member": "serviceAccount:rag-api-sa@my-llm-rag-platform.iam.gserviceaccount.com",
            "project": "my-llm-rag-platform",
            "role": "roles/secretmanager.secretAccessor",
            "secret_id": "projects/my-llm-rag-platform/secrets/rag-google-api-key"
          },
          "sensitive_attributes": [],
          "private": "bnVsbA==",
          "dependencies": [
            "google_secret_manager_secret.google_api_key",
            "google_service_account.rag_api"
          ]
        }
      ]
    },
    {
      "mode": "managed",
      "type": "google_secret_manager_secret_iam_member",
      "name": "rag_api_service_key",
      "provider": "provider[\"registry.terraform.io/hashicorp/google\"]",
      "instances": [
        {
          "schema_version": 0,
          "attributes": {
            "condition": [],
            "etag": "BwZLytl+41w=",
            "id": "projects/my-llm-rag-platform/secrets/rag-service-api-key/roles/secretmanager.secretAccessor/serviceAccount:rag-api-sa@my-llm-rag-platform.iam.gserviceaccount.com",
            "member": "serviceAccount:rag-api-sa@my-llm-rag-platform.iam.gserviceaccount.com",
            "project": "my-llm-rag-platform",
            "role": "roles/secretmanager.secretAccessor",
            "secret_id": "projects/my-llm-rag-platform/secrets/rag-service-api-key"
          },
          "sensitive_attributes": [],
          "private": "bnVsbA==",
          "dependencies": [
            "google_secret_manager_secret.rag_api_key",
            "google_service_account.rag_api"
          ]
        }
      ]
    },
    {
      "mode": "managed",
      "type": "google_service_account",
      "name": "rag_api",
      "provider": "provider[\"registry.terraform.io/hashicorp/google\"]",
      "instances": [
        {
          "schema_version": 0,
          "attributes": {
            "account_id": "rag-api-sa",
            "create_ignore_already_exists": null,
            "description": "Service account for the RAG API Cloud Run service",
            "disabled": false,
            "display_name": "RAG API Service Account",
            "email": "rag-api-sa@my-llm-rag-platform.iam.gserviceaccount.com",
            "id": "projects/my-llm-rag-platform/serviceAccounts/rag-api-sa@my-llm-rag-platform.iam.gserviceaccount.com",
            "member": "serviceAccount:rag-api-sa@my-llm-rag-platform.iam.gserviceaccount.com",
            "name": "projects/my-llm-rag-platform/serviceAccounts/rag-api-sa@my-llm-rag-platform.iam.gserviceaccount.com",
            "project": "my-llm-rag-platform",
            "timeouts": null,
            "unique_id": "110312783162595238817"
          },
          "sensitive_attributes": [],
          "private": "eyJlMmJmYjczMC1lY2FhLTExZTYtOGY4OC0zNDM2M2JjN2M0YzAiOnsiY3JlYXRlIjozMDAwMDAwMDAwMDB9fQ=="
        }
      ]
    },
    {
      "mode": "managed",
      "type": "google_storage_bucket",
      "name": "documents",
      "provider": "provider[\"registry.terraform.io/hashicorp/google\"]",
      "instances": [
        {
          "schema_version": 2,
          "attributes": {
            "autoclass": [],
            "cors": [],
            "custom_placement_config": [],
            "default_event_based_hold": false,
            "effective_labels": {
              "managed_by": "terraform",
              "project": "project-303-llm-rag"
            },
            "enable_object_retention": false,
            "encryption": [],
            "force_destroy": false,
            "id": "my-llm-rag-platform-rag-documents",
            "labels": {
              "managed_by": "terraform",
              "project": "project-303-llm-rag"
            },
            "lifecycle_rule": [
              {
                "action": [
                  {
                    "storage_class": "NEARLINE",
                    "type": "SetStorageClass"
                  }
                ],
                "condition": [
                  {
                    "age": 365,
                    "created_before": "",
                    "custom_time_before": "",
                    "days_since_custom_time": 0,
                    "days_since_noncurrent_time": 0,
                    "matches_prefix": [],
                    "matches_storage_class": [],
                    "matches_suffix": [],
                    "no_age": false,
                    "noncurrent_time_before": "",
                    "num_newer_versions": 0,
                    "send_age_if_zero": true,
                    "send_days_since_custom_time_if_zero": false,
                    "send_days_since_noncurrent_time_if_zero": false,
                    "send_num_newer_versions_if_zero": false,
                    "with_state": "ANY"
                  }
                ]
              }
            ],
            "location": "US-CENTRAL1",
            "logging": [],
            "name": "my-llm-rag-platform-rag-documents",
            "project": "my-llm-rag-platform",
            "project_number": 686708351272,
            "public_access_prevention": "inherited",
            "requester_pays": false,
            "retention_policy": [],
            "rpo": null,
            "self_link": "https://www.googleapis.com/storage/v1/b/my-llm-rag-platform-rag-documents",
            "soft_delete_policy": [
              {
                "effective_time": "2026-02-27T09:22:14.668Z",
                "retention_duration_seconds": 604800
              }
            ],
            "storage_class": "STANDARD",
            "terraform_labels": {
              "managed_by": "terraform",
              "project": "project-303-llm-rag"
            },
            "timeouts": null,
            "uniform_bucket_level_access": true,
            "url": "gs://my-llm-rag-platform-rag-documents",
            "versioning": [],
            "website": []
          },
          "sensitive_attributes": [],
          "private": "eyJlMmJmYjczMC1lY2FhLTExZTYtOGY4OC0zNDM2M2JjN2M0YzAiOnsiY3JlYXRlIjo2MDAwMDAwMDAwMDAsInJlYWQiOjI0MDAwMDAwMDAwMCwidXBkYXRlIjoyNDAwMDAwMDAwMDB9LCJzY2hlbWFfdmVyc2lvbiI6IjIifQ=="
        }
      ]
    }
  ],
  "check_results": null
}
